
Microsoft Visual Studio Solution File, Format Version 12.00
# Visual Studio Version 17
VisualStudioVersion = 17.8.34330.188
MinimumVisualStudioVersion = 10.0.40219.1
Project("{FAE04EC0-301F-11D3-BF4B-00C04F79EFBC}") = "Client", "Client\Client.csproj", "{9327A4A6-3A41-44FF-9D3D-2E1E05E2E001}"
EndProject
Global
	GlobalSection(SolutionConfigurationPlatforms) = preSolution
		Debug|Any CPU = Debug|Any CPU
		Release|Any CPU = Release|Any CPU
	EndGlobalSection
	GlobalSection(ProjectConfigurationPlatforms) = postSolution
		{9327A4A6-3A41-44FF-9D3D-2E1E05E2E001}.Debug|Any CPU.ActiveCfg = Debug|Any CPU
		{9327A4A6-3A41-44FF-9D3D-2E1E05E2E001}.Debug|Any CPU.Build.0 = Debug|Any CPU
		{9327A4A6-3A41-44FF-9D3D-2E1E05E2E001}.Release|Any CPU.ActiveCfg = Release|Any CPU
		{9327A4A6-3A41-44FF-9D3D-2E1E05E2E001}.Release|Any CPU.Build.0 = Release|Any CPU
	EndGlobalSection
	GlobalSection(SolutionProperties) = preSolution
		HideSolutionNode = FALSE
	EndGlobalSection
	GlobalSection(ExtensibilityGlobals) = postSolution
		SolutionGuid = {9B9EDA87-5C10-4489-BF82-58DA9A5B630F}
	EndGlobalSection
EndGlobal
